
Microsoft Visual Studio Solution File, Format Version 12.00
# Visual Studio Version 17
VisualStudioVersion = 17.0.31903.59
MinimumVisualStudioVersion = 10.0.40219.1
Project("{FAE04EC0-301F-11D3-BF4B-00C04F79EFBC}") = "DocsConnect", "DocsConnect.csproj", "{51B115AC-634D-4931-AA86-3C53263F52B7}"
EndProject
Project("{FAE04EC0-301F-11D3-BF4B-00C04F79EFBC}") = "DocsConnect.Tests", "DocsConnect.Tests\DocsConnect.Tests.csproj", "{4579C3BE-1139-4B8E-BA68-FB0B9635796B}"
EndProject
Global
	GlobalSection(SolutionConfigurationPlatforms) = preSolution
		Debug|Any CPU = Debug|Any CPU
		Release|Any CPU = Release|Any CPU
	EndGlobalSection
	GlobalSection(ProjectConfigurationPlatforms) = postSolution
		{51B115AC-634D-4931-AA86-3C53263F52B7}.Debug|Any CPU.ActiveCfg = Debug|Any CPU
		{51B115AC-634D-4931-AA86-3C53263F52B7}.Debug|Any CPU.Build.0 = Debug|Any CPU
		{51B115AC-634D-4931-AA86-3C53263F52B7}.Release|Any CPU.ActiveCfg = Release|Any CPU
		{51B115AC-634D-4931-AA86-3C53263F52B7}.Release|Any CPU.Build.0 = Release|Any CPU
		{4579C3BE-1139-4B8E-BA68-FB0B9635796B}.Debug|Any CPU.ActiveCfg = Debug|Any CPU
		{4579C3BE-1139-4B8E-BA68-FB0B9635796B}.Debug|Any CPU.Build.0 = Debug|Any CPU
		{4579C3BE-1139-4B8E-BA68-FB0B9635796B}.Release|Any CPU.ActiveCfg = Release|Any CPU
		{4579C3BE-1139-4B8E-BA68-FB0B9635796B}.Release|Any CPU.Build.0 = Release|Any CPU
	EndGlobalSection
	GlobalSection(SolutionProperties) = preSolution
		HideSolutionNode = FALSE
	EndGlobalSection
	GlobalSection(ExtensibilityGlobals) = postSolution
		SolutionGuid = {5521E2B8-8F78-4443-BD80-8228D8810A27}
	EndGlobalSection
EndGlobal
